
Microsoft Visual Studio Solution File, Format Version 11.00
# Visual Studio 2010
Project("{FAE04EC0-301F-11D3-BF4B-00C04F79EFBC}") = "Mirror.Transports", "Mirror.Transports.csproj", "{2917ECE5-BC99-EE98-2A6E-F0396DBD2FD4}"
EndProject
Project("{FAE04EC0-301F-11D3-BF4B-00C04F79EFBC}") = "Mirror", "Mirror.csproj", "{802A7A89-2C99-01F4-09CB-72350F03B154}"
EndProject
Project("{FAE04EC0-301F-11D3-BF4B-00C04F79EFBC}") = "Mirror.Components", "Mirror.Components.csproj", "{5AE4035A-F690-E579-8B79-89683D2268E0}"
EndProject
Project("{FAE04EC0-301F-11D3-BF4B-00C04F79EFBC}") = "SimpleWebTransport", "SimpleWebTransport.csproj", "{DF32197D-B80D-F040-17EA-B72A822EF967}"
EndProject
Project("{FAE04EC0-301F-11D3-BF4B-00C04F79EFBC}") = "Mirror.Examples", "Mirror.Examples.csproj", "{BFCFD4FE-E399-AD4C-5064-FAD49BF24E64}"
EndProject
Project("{FAE04EC0-301F-11D3-BF4B-00C04F79EFBC}") = "kcp2k", "kcp2k.csproj", "{9C0C8D41-87CC-95D4-48FF-71E874721AE1}"
EndProject
Project("{FAE04EC0-301F-11D3-BF4B-00C04F79EFBC}") = "Mirror.Authenticators", "Mirror.Authenticators.csproj", "{438D0F49-97BF-A399-92AF-A95FBAB10E82}"
EndProject
Project("{FAE04EC0-301F-11D3-BF4B-00C04F79EFBC}") = "Telepathy", "Telepathy.csproj", "{F9D1F1EB-0703-3DB9-7534-3355F508DC0A}"
EndProject
Project("{FAE04EC0-301F-11D3-BF4B-00C04F79EFBC}") = "Assembly-CSharp", "Assembly-CSharp.csproj", "{769D9176-21F6-1D1C-2453-2BCB44E8676C}"
EndProject
Project("{FAE04EC0-301F-11D3-BF4B-00C04F79EFBC}") = "Mirror.Hosting", "Mirror.Hosting.csproj", "{F1EA3983-8570-6937-336F-08D921B7783F}"
EndProject
Project("{FAE04EC0-301F-11D3-BF4B-00C04F79EFBC}") = "Unity.Mirror.CodeGen", "Unity.Mirror.CodeGen.csproj", "{88C2A382-3D08-1AFF-1FAD-C90E19C0E6D9}"
EndProject
Project("{FAE04EC0-301F-11D3-BF4B-00C04F79EFBC}") = "Mirror.Editor", "Mirror.Editor.csproj", "{5DB0ED47-CB84-8967-6A80-CA69D553027B}"
EndProject
Project("{FAE04EC0-301F-11D3-BF4B-00C04F79EFBC}") = "Mirror.CompilerSymbols", "Mirror.CompilerSymbols.csproj", "{15418CFF-0C0A-A0BE-8F8D-5BEED1305042}"
EndProject
Global
	GlobalSection(SolutionConfigurationPlatforms) = preSolution
		Debug|Any CPU = Debug|Any CPU
		Release|Any CPU = Release|Any CPU
	EndGlobalSection
	GlobalSection(ProjectConfigurationPlatforms) = postSolution
		{2917ECE5-BC99-EE98-2A6E-F0396DBD2FD4}.Debug|Any CPU.ActiveCfg = Debug|Any CPU
		{2917ECE5-BC99-EE98-2A6E-F0396DBD2FD4}.Debug|Any CPU.Build.0 = Debug|Any CPU
		{2917ECE5-BC99-EE98-2A6E-F0396DBD2FD4}.Release|Any CPU.ActiveCfg = Release|Any CPU
		{2917ECE5-BC99-EE98-2A6E-F0396DBD2FD4}.Release|Any CPU.Build.0 = Release|Any CPU
		{802A7A89-2C99-01F4-09CB-72350F03B154}.Debug|Any CPU.ActiveCfg = Debug|Any CPU
		{802A7A89-2C99-01F4-09CB-72350F03B154}.Debug|Any CPU.Build.0 = Debug|Any CPU
		{802A7A89-2C99-01F4-09CB-72350F03B154}.Release|Any CPU.ActiveCfg = Release|Any CPU
		{802A7A89-2C99-01F4-09CB-72350F03B154}.Release|Any CPU.Build.0 = Release|Any CPU
		{5AE4035A-F690-E579-8B79-89683D2268E0}.Debug|Any CPU.ActiveCfg = Debug|Any CPU
		{5AE4035A-F690-E579-8B79-89683D2268E0}.Debug|Any CPU.Build.0 = Debug|Any CPU
		{5AE4035A-F690-E579-8B79-89683D2268E0}.Release|Any CPU.ActiveCfg = Release|Any CPU
		{5AE4035A-F690-E579-8B79-89683D2268E0}.Release|Any CPU.Build.0 = Release|Any CPU
		{DF32197D-B80D-F040-17EA-B72A822EF967}.Debug|Any CPU.ActiveCfg = Debug|Any CPU
		{DF32197D-B80D-F040-17EA-B72A822EF967}.Debug|Any CPU.Build.0 = Debug|Any CPU
		{DF32197D-B80D-F040-17EA-B72A822EF967}.Release|Any CPU.ActiveCfg = Release|Any CPU
		{DF32197D-B80D-F040-17EA-B72A822EF967}.Release|Any CPU.Build.0 = Release|Any CPU
		{BFCFD4FE-E399-AD4C-5064-FAD49BF24E64}.Debug|Any CPU.ActiveCfg = Debug|Any CPU
		{BFCFD4FE-E399-AD4C-5064-FAD49BF24E64}.Debug|Any CPU.Build.0 = Debug|Any CPU
		{BFCFD4FE-E399-AD4C-5064-FAD49BF24E64}.Release|Any CPU.ActiveCfg = Release|Any CPU
		{BFCFD4FE-E399-AD4C-5064-FAD49BF24E64}.Release|Any CPU.Build.0 = Release|Any CPU
		{9C0C8D41-87CC-95D4-48FF-71E874721AE1}.Debug|Any CPU.ActiveCfg = Debug|Any CPU
		{9C0C8D41-87CC-95D4-48FF-71E874721AE1}.Debug|Any CPU.Build.0 = Debug|Any CPU
		{9C0C8D41-87CC-95D4-48FF-71E874721AE1}.Release|Any CPU.ActiveCfg = Release|Any CPU
		{9C0C8D41-87CC-95D4-48FF-71E874721AE1}.Release|Any CPU.Build.0 = Release|Any CPU
		{438D0F49-97BF-A399-92AF-A95FBAB10E82}.Debug|Any CPU.ActiveCfg = Debug|Any CPU
		{438D0F49-97BF-A399-92AF-A95FBAB10E82}.Debug|Any CPU.Build.0 = Debug|Any CPU
		{438D0F49-97BF-A399-92AF-A95FBAB10E82}.Release|Any CPU.ActiveCfg = Release|Any CPU
		{438D0F49-97BF-A399-92AF-A95FBAB10E82}.Release|Any CPU.Build.0 = Release|Any CPU
		{F9D1F1EB-0703-3DB9-7534-3355F508DC0A}.Debug|Any CPU.ActiveCfg = Debug|Any CPU
		{F9D1F1EB-0703-3DB9-7534-3355F508DC0A}.Debug|Any CPU.Build.0 = Debug|Any CPU
		{F9D1F1EB-0703-3DB9-7534-3355F508DC0A}.Release|Any CPU.ActiveCfg = Release|Any CPU
		{F9D1F1EB-0703-3DB9-7534-3355F508DC0A}.Release|Any CPU.Build.0 = Release|Any CPU
		{769D9176-21F6-1D1C-2453-2BCB44E8676C}.Debug|Any CPU.ActiveCfg = Debug|Any CPU
		{769D9176-21F6-1D1C-2453-2BCB44E8676C}.Debug|Any CPU.Build.0 = Debug|Any CPU
		{769D9176-21F6-1D1C-2453-2BCB44E8676C}.Release|Any CPU.ActiveCfg = Release|Any CPU
		{769D9176-21F6-1D1C-2453-2BCB44E8676C}.Release|Any CPU.Build.0 = Release|Any CPU
		{F1EA3983-8570-6937-336F-08D921B7783F}.Debug|Any CPU.ActiveCfg = Debug|Any CPU
		{F1EA3983-8570-6937-336F-08D921B7783F}.Debug|Any CPU.Build.0 = Debug|Any CPU
		{F1EA3983-8570-6937-336F-08D921B7783F}.Release|Any CPU.ActiveCfg = Release|Any CPU
		{F1EA3983-8570-6937-336F-08D921B7783F}.Release|Any CPU.Build.0 = Release|Any CPU
		{88C2A382-3D08-1AFF-1FAD-C90E19C0E6D9}.Debug|Any CPU.ActiveCfg = Debug|Any CPU
		{88C2A382-3D08-1AFF-1FAD-C90E19C0E6D9}.Debug|Any CPU.Build.0 = Debug|Any CPU
		{88C2A382-3D08-1AFF-1FAD-C90E19C0E6D9}.Release|Any CPU.ActiveCfg = Release|Any CPU
		{88C2A382-3D08-1AFF-1FAD-C90E19C0E6D9}.Release|Any CPU.Build.0 = Release|Any CPU
		{5DB0ED47-CB84-8967-6A80-CA69D553027B}.Debug|Any CPU.ActiveCfg = Debug|Any CPU
		{5DB0ED47-CB84-8967-6A80-CA69D553027B}.Debug|Any CPU.Build.0 = Debug|Any CPU
		{5DB0ED47-CB84-8967-6A80-CA69D553027B}.Release|Any CPU.ActiveCfg = Release|Any CPU
		{5DB0ED47-CB84-8967-6A80-CA69D553027B}.Release|Any CPU.Build.0 = Release|Any CPU
		{15418CFF-0C0A-A0BE-8F8D-5BEED1305042}.Debug|Any CPU.ActiveCfg = Debug|Any CPU
		{15418CFF-0C0A-A0BE-8F8D-5BEED1305042}.Debug|Any CPU.Build.0 = Debug|Any CPU
		{15418CFF-0C0A-A0BE-8F8D-5BEED1305042}.Release|Any CPU.ActiveCfg = Release|Any CPU
		{15418CFF-0C0A-A0BE-8F8D-5BEED1305042}.Release|Any CPU.Build.0 = Release|Any CPU
	EndGlobalSection
	GlobalSection(SolutionProperties) = preSolution
		HideSolutionNode = FALSE
	EndGlobalSection
EndGlobal
